{
  "lockfile_version": "1",
  "packages": {
    "claude-code@latest": {
      "last_modified": "2026-08-01T16:34:20Z",
      "resolved": "github:NixOS/nixpkgs/a5cbcfe954791221bfffe2307f7d1a1bf61a871e#claude-code",
      "source": "devbox-search",
      "version": "2.1.220",
      "systems": {
        "aarch64-darwin": {
          "outputs": [
            {
              "name": "out",
              "path": "/nix/store/fbnnw4ak1s11l8zhx48mps0mvf82bh4c-claude-code-2.1.220",
              "default": true
            }
          ],
          "store_path": "/nix/store/fbnnw4ak1s11l8zhx48mps0mvf82bh4c-claude-code-2.1.220"
        },
        "aarch64-linux": {
          "outputs": [
            {
              "name": "out",
              "path": "/nix/store/hsrdgrp23hjk15qm2b4vz2ib7afiapnn-claude-code-2.1.220",
              "default": true
            }
          ],
          "store_path": "/nix/store/hsrdgrp23hjk15qm2b4vz2ib7afiapnn-claude-code-2.1.220"
        },
        "x86_64-linux": {
          "outputs": [
            {
              "name": "out",
              "path": "/nix/store/wad84rvlsrcs1wq4kkk0dlpblynmspa8-claude-code-2.1.220",
              "default": true
            }
          ],
          "store_path": "/nix/store/wad84rvlsrcs1wq4kkk0dlpblynmspa8-claude-code-2.1.220"
        }
      }
    },
    "github:NixOS/nixpkgs/nixpkgs-unstable": {
      "last_modified": "2026-08-03T09:05:39Z",
      "resolved": "github:NixOS/nixpkgs/104240a772428cc2e20d8fd86c9ddbb886bbaff2?lastModified=1785747939&narHash=sha256-D740uKsMbgsfK2oaDenJLLPIZfq7W0%2Fg4KN%2FFls8eKs%3D"
    }
  }
}
