{
  "lockfile_version": "1",
  "packages": {
    "bats@1.12.0": {
      "last_modified": "2026-05-21T08:15:18Z",
      "resolved": "github:NixOS/nixpkgs/4a29d733e8a7d5b824c3d8c958a946a9867b3eb2#bats",
      "source": "devbox-search",
      "version": "1.12.0",
      "systems": {
        "aarch64-darwin": {
          "outputs": [
            {
              "name": "out",
              "path": "/nix/store/jkp1n6vf5kj5z709n5l8mgjzkby97rr7-bats-1.12.0",
              "default": true
            }
          ],
          "store_path": "/nix/store/jkp1n6vf5kj5z709n5l8mgjzkby97rr7-bats-1.12.0"
        },
        "aarch64-linux": {
          "outputs": [
            {
              "name": "out",
              "path": "/nix/store/7figc61fkvp1v1rbgi77f0bkc71c8hh2-bats-1.12.0",
              "default": true
            }
          ],
          "store_path": "/nix/store/7figc61fkvp1v1rbgi77f0bkc71c8hh2-bats-1.12.0"
        },
        "x86_64-darwin": {
          "outputs": [
            {
              "name": "out",
              "path": "/nix/store/1xrr8g08d7mmbg9q205hxbv3fryspnai-bats-1.12.0",
              "default": true
            }
          ],
          "store_path": "/nix/store/1xrr8g08d7mmbg9q205hxbv3fryspnai-bats-1.12.0"
        },
        "x86_64-linux": {
          "outputs": [
            {
              "name": "out",
              "path": "/nix/store/n0md2c3y0pfqjfz8rh3vdwkn4bkvv2bq-bats-1.12.0",
              "default": true
            }
          ],
          "store_path": "/nix/store/n0md2c3y0pfqjfz8rh3vdwkn4bkvv2bq-bats-1.12.0"
        }
      }
    },
    "editorconfig-checker@3.7.0": {
      "last_modified": "2026-05-26T09:13:58Z",
      "resolved": "github:NixOS/nixpkgs/f44f7788c891fbe5542177df78374f8cdab10e8f#editorconfig-checker",
      "source": "devbox-search",
      "version": "3.7.0",
      "systems": {
        "aarch64-darwin": {
          "outputs": [
            {
              "name": "out",
              "path": "/nix/store/5304hwimspvijxii2q49a417jxdxg6xs-editorconfig-checker-3.7.0",
              "default": true
            }
          ],
          "store_path": "/nix/store/5304hwimspvijxii2q49a417jxdxg6xs-editorconfig-checker-3.7.0"
        },
        "aarch64-linux": {
          "outputs": [
            {
              "name": "out",
              "path": "/nix/store/lwmfwjvd4zvqb87p23xgq1lxr9pdqszz-editorconfig-checker-3.7.0",
              "default": true
            }
          ],
          "store_path": "/nix/store/lwmfwjvd4zvqb87p23xgq1lxr9pdqszz-editorconfig-checker-3.7.0"
        },
        "x86_64-darwin": {
          "outputs": [
            {
              "name": "out",
              "path": "/nix/store/v25q414ljgfgqa09apfpahhr9dzqzm19-editorconfig-checker-3.7.0",
              "default": true
            }
          ],
          "store_path": "/nix/store/v25q414ljgfgqa09apfpahhr9dzqzm19-editorconfig-checker-3.7.0"
        },
        "x86_64-linux": {
          "outputs": [
            {
              "name": "out",
              "path": "/nix/store/2cxgbq5w28wsj9nmcfaas38pr3p5srn1-editorconfig-checker-3.7.0",
              "default": true
            }
          ],
          "store_path": "/nix/store/2cxgbq5w28wsj9nmcfaas38pr3p5srn1-editorconfig-checker-3.7.0"
        }
      }
    },
    "github:NixOS/nixpkgs/nixpkgs-unstable": {
      "last_modified": "2026-04-29T01:19:07Z",
      "resolved": "github:NixOS/nixpkgs/ebc08544afa77957cc348ba72dc490ec73b87f68?lastModified=1777425547&narHash=sha256-d57AbflkNfZNoFaZDzssEq1RfPoM9dLtOGI2O%2BN%2F68Q%3D"
    },
    "go@1.26.3": {
      "last_modified": "2026-05-21T08:15:18Z",
      "resolved": "github:NixOS/nixpkgs/4a29d733e8a7d5b824c3d8c958a946a9867b3eb2#go",
      "source": "devbox-search",
      "version": "1.26.3",
      "systems": {
        "aarch64-darwin": {
          "outputs": [
            {
              "name": "out",
              "path": "/nix/store/7ycp8j45iay38g9mjaxmy4jhwdsrb47y-go-1.26.3",
              "default": true
            }
          ],
          "store_path": "/nix/store/7ycp8j45iay38g9mjaxmy4jhwdsrb47y-go-1.26.3"
        },
        "aarch64-linux": {
          "outputs": [
            {
              "name": "out",
              "path": "/nix/store/jkcwcbwvhgzmxg59798z4clmj4bfv42i-go-1.26.3",
              "default": true
            }
          ],
          "store_path": "/nix/store/jkcwcbwvhgzmxg59798z4clmj4bfv42i-go-1.26.3"
        },
        "x86_64-darwin": {
          "outputs": [
            {
              "name": "out",
              "path": "/nix/store/3f2jzvxmhhlarjqxy1p7i9r5l34siz29-go-1.26.3",
              "default": true
            }
          ],
          "store_path": "/nix/store/3f2jzvxmhhlarjqxy1p7i9r5l34siz29-go-1.26.3"
        },
        "x86_64-linux": {
          "outputs": [
            {
              "name": "out",
              "path": "/nix/store/33fw5m31lfcnk4ff2f0df7j2bxnh8lgk-go-1.26.3",
              "default": true
            }
          ],
          "store_path": "/nix/store/33fw5m31lfcnk4ff2f0df7j2bxnh8lgk-go-1.26.3"
        }
      }
    },
    "jq@1.8.1": {
      "last_modified": "2026-06-12T12:41:42Z",
      "resolved": "github:NixOS/nixpkgs/49a4bd0573c376468dd7996ddb6f9fa31d8c4d97#jq",
      "source": "devbox-search",
      "version": "1.8.1",
      "systems": {
        "aarch64-darwin": {
          "outputs": [
            {
              "name": "bin",
              "path": "/nix/store/d551vj6hjc2bqiyg8dim6lv1v1xw7841-jq-1.8.1-bin",
              "default": true
            },
            {
              "name": "man",
              "path": "/nix/store/cyykpwx7q87ryqyhkz4slm163300rzjh-jq-1.8.1-man",
              "default": true
            },
            {
              "name": "dev",
              "path": "/nix/store/dy2cgp8adlm5gl3hkpykcgccv4dlhawb-jq-1.8.1-dev"
            },
            {
              "name": "doc",
              "path": "/nix/store/afjz34n0jz7a0zjjp6qkvnxqph53ifbw-jq-1.8.1-doc"
            },
            {
              "name": "out",
              "path": "/nix/store/yj3m8xi9h48mz4i7732zcwbqbb8bl402-jq-1.8.1"
            }
          ],
          "store_path": "/nix/store/d551vj6hjc2bqiyg8dim6lv1v1xw7841-jq-1.8.1-bin"
        },
        "aarch64-linux": {
          "outputs": [
            {
              "name": "bin",
              "path": "/nix/store/d6mx57dmjq61j69ap45f6fm3jb0lslyc-jq-1.8.1-bin",
              "default": true
            },
            {
              "name": "man",
              "path": "/nix/store/bnwzc47h7zhc3zwkjmy4br8jd2ki9pyj-jq-1.8.1-man",
              "default": true
            },
            {
              "name": "out",
              "path": "/nix/store/6y9n87w9lsk3x0fscm6kfirk3ssc0syr-jq-1.8.1"
            },
            {
              "name": "dev",
              "path": "/nix/store/qv69wdjr2zd2w6yg5n8lxfn6c8mg4bwf-jq-1.8.1-dev"
            },
            {
              "name": "doc",
              "path": "/nix/store/fway55wsvvly58sz7zn7vlq68v0q1ig3-jq-1.8.1-doc"
            }
          ],
          "store_path": "/nix/store/d6mx57dmjq61j69ap45f6fm3jb0lslyc-jq-1.8.1-bin"
        },
        "x86_64-darwin": {
          "outputs": [
            {
              "name": "bin",
              "path": "/nix/store/pnm2frw3jwfrlycf730z5bfgixiyjal4-jq-1.8.1-bin",
              "default": true
            },
            {
              "name": "man",
              "path": "/nix/store/0yyamki3lhy0rp6vn45mn6cdhqb2c64a-jq-1.8.1-man",
              "default": true
            },
            {
              "name": "dev",
              "path": "/nix/store/hg1vhcfr1lwv39vn84cijdn187jmcfnj-jq-1.8.1-dev"
            },
            {
              "name": "doc",
              "path": "/nix/store/mzarfihn2c84s6qw7zp0rbbj7hb09dv2-jq-1.8.1-doc"
            },
            {
              "name": "out",
              "path": "/nix/store/8c9m07iqwczlfzx1sk0c5g2a9nnzvhc3-jq-1.8.1"
            }
          ],
          "store_path": "/nix/store/pnm2frw3jwfrlycf730z5bfgixiyjal4-jq-1.8.1-bin"
        },
        "x86_64-linux": {
          "outputs": [
            {
              "name": "bin",
              "path": "/nix/store/s04d6wm3kqjdgr7zdhlk214f6a2291ks-jq-1.8.1-bin",
              "default": true
            },
            {
              "name": "man",
              "path": "/nix/store/ncw52xsl5hgplh8csybbp9fli64iw1aq-jq-1.8.1-man",
              "default": true
            },
            {
              "name": "dev",
              "path": "/nix/store/fmsvbcz2s85pmszdvwp4mhlamiv5lnzg-jq-1.8.1-dev"
            },
            {
              "name": "doc",
              "path": "/nix/store/hhh2h4x4rhh6qbqa6620bvhz652cgw4m-jq-1.8.1-doc"
            },
            {
              "name": "out",
              "path": "/nix/store/7a1hndk12kz9wwh9sz8hzkkwgxq6rrnk-jq-1.8.1"
            }
          ],
          "store_path": "/nix/store/s04d6wm3kqjdgr7zdhlk214f6a2291ks-jq-1.8.1-bin"
        }
      }
    },
    "pre-commit@4.5.1": {
      "last_modified": "2026-06-16T10:57:20Z",
      "resolved": "github:NixOS/nixpkgs/3e41b24abd260e8f71dbe2f5737d24122f972158#pre-commit",
      "source": "devbox-search",
      "version": "4.5.1",
      "systems": {
        "aarch64-darwin": {
          "outputs": [
            {
              "name": "out",
              "path": "/nix/store/71lv91n3dpd0s7x1hd85nq6rpi3v1wn4-pre-commit-4.5.1",
              "default": true
            },
            {
              "name": "dist",
              "path": "/nix/store/p75pq4p8x7k3a3vcvaaw0m8v4v29h567-pre-commit-4.5.1-dist"
            }
          ],
          "store_path": "/nix/store/71lv91n3dpd0s7x1hd85nq6rpi3v1wn4-pre-commit-4.5.1"
        },
        "aarch64-linux": {
          "outputs": [
            {
              "name": "out",
              "path": "/nix/store/zdwz10d50d9s8h6yq53p97ba13q3vb2s-pre-commit-4.5.1",
              "default": true
            },
            {
              "name": "dist",
              "path": "/nix/store/mjwmrb50kd63nr22f5hd530yfwl4xmg7-pre-commit-4.5.1-dist"
            }
          ],
          "store_path": "/nix/store/zdwz10d50d9s8h6yq53p97ba13q3vb2s-pre-commit-4.5.1"
        },
        "x86_64-darwin": {
          "outputs": [
            {
              "name": "out",
              "path": "/nix/store/ba9dfq5gcn5c1l43z6994q7z11ckdiq7-pre-commit-4.5.1",
              "default": true
            },
            {
              "name": "dist",
              "path": "/nix/store/0yqxbp8v2pzhrsmapv44rhg71bvlfp1k-pre-commit-4.5.1-dist"
            }
          ],
          "store_path": "/nix/store/ba9dfq5gcn5c1l43z6994q7z11ckdiq7-pre-commit-4.5.1"
        },
        "x86_64-linux": {
          "outputs": [
            {
              "name": "out",
              "path": "/nix/store/2d7qcvyf9jxh2nrb7rzphgiqxl44bqr0-pre-commit-4.5.1",
              "default": true
            },
            {
              "name": "dist",
              "path": "/nix/store/pcyywbb1z9gzq8bwzcmb39fgakb7asmw-pre-commit-4.5.1-dist"
            }
          ],
          "store_path": "/nix/store/2d7qcvyf9jxh2nrb7rzphgiqxl44bqr0-pre-commit-4.5.1"
        }
      }
    },
    "prettier@3.8.3": {
      "last_modified": "2026-06-23T00:43:55Z",
      "resolved": "github:NixOS/nixpkgs/89570f24e97e614aa34aa9ab1c927b6578a43775#prettier",
      "source": "devbox-search",
      "version": "3.8.3",
      "systems": {
        "aarch64-darwin": {
          "outputs": [
            {
              "name": "out",
              "path": "/nix/store/94qvi66fgk3hrc2idalhld6k5lajv031-prettier-3.8.3",
              "default": true
            }
          ],
          "store_path": "/nix/store/94qvi66fgk3hrc2idalhld6k5lajv031-prettier-3.8.3"
        },
        "aarch64-linux": {
          "outputs": [
            {
              "name": "out",
              "path": "/nix/store/cmvdpayspczdk39pp8fki7596yn1227m-prettier-3.8.3",
              "default": true
            }
          ],
          "store_path": "/nix/store/cmvdpayspczdk39pp8fki7596yn1227m-prettier-3.8.3"
        },
        "x86_64-darwin": {
          "outputs": [
            {
              "name": "out",
              "path": "/nix/store/0wgin2ikm8nyxpdlmxyglxyk1lfigak1-prettier-3.8.3",
              "default": true
            }
          ],
          "store_path": "/nix/store/0wgin2ikm8nyxpdlmxyglxyk1lfigak1-prettier-3.8.3"
        },
        "x86_64-linux": {
          "outputs": [
            {
              "name": "out",
              "path": "/nix/store/wf816c09cfg92l06nzbawdpvsj5j3gga-prettier-3.8.3",
              "default": true
            }
          ],
          "store_path": "/nix/store/wf816c09cfg92l06nzbawdpvsj5j3gga-prettier-3.8.3"
        }
      }
    },
    "shellcheck@0.11.0": {
      "last_modified": "2026-06-01T17:55:45Z",
      "resolved": "github:NixOS/nixpkgs/4df1b885d76a54e1aa1a318f8d16fd6005b6401f#shellcheck",
      "source": "devbox-search",
      "version": "0.11.0",
      "systems": {
        "aarch64-darwin": {
          "outputs": [
            {
              "name": "bin",
              "path": "/nix/store/xpjnkisx2dqf83l5pbwlfzk43hl4inbg-shellcheck-0.11.0-bin",
              "default": true
            },
            {
              "name": "man",
              "path": "/nix/store/s9s65dcmaifyv9vh3k5vf8328sv0mzi3-shellcheck-0.11.0-man",
              "default": true
            },
            {
              "name": "doc",
              "path": "/nix/store/mbxll5l28m6sjjy3wqwwmlirmrbcg2dz-shellcheck-0.11.0-doc",
              "default": true
            },
            {
              "name": "out",
              "path": "/nix/store/in7kbi1l3xggkwlvcqjvlsv8lcvpkx9w-shellcheck-0.11.0"
            }
          ],
          "store_path": "/nix/store/xpjnkisx2dqf83l5pbwlfzk43hl4inbg-shellcheck-0.11.0-bin"
        },
        "aarch64-linux": {
          "outputs": [
            {
              "name": "bin",
              "path": "/nix/store/hqajavk4av9v6l08h1xsfz19rwsir85y-shellcheck-0.11.0-bin",
              "default": true
            },
            {
              "name": "man",
              "path": "/nix/store/jpdzs6ywlqmxbmzim0b8flrwc9ac94vz-shellcheck-0.11.0-man",
              "default": true
            },
            {
              "name": "doc",
              "path": "/nix/store/gdjj2q6jwgjj14c72hwss2zxww5hxvbm-shellcheck-0.11.0-doc",
              "default": true
            },
            {
              "name": "out",
              "path": "/nix/store/bg01hij699rpkg2q0fhghdyma1zf3vmc-shellcheck-0.11.0"
            }
          ],
          "store_path": "/nix/store/hqajavk4av9v6l08h1xsfz19rwsir85y-shellcheck-0.11.0-bin"
        },
        "x86_64-darwin": {
          "outputs": [
            {
              "name": "bin",
              "path": "/nix/store/hn2l442nhcahcb8cvhf9g7nymzczciyi-shellcheck-0.11.0-bin",
              "default": true
            },
            {
              "name": "man",
              "path": "/nix/store/y781lm7p97zggqqw4wyl9r13z5fj7jgx-shellcheck-0.11.0-man",
              "default": true
            },
            {
              "name": "doc",
              "path": "/nix/store/rjfwbcm3kpfvsvskybl64b1qwzlnnw5g-shellcheck-0.11.0-doc",
              "default": true
            },
            {
              "name": "out",
              "path": "/nix/store/wlb6zh8kjhfhaywhksn3mq2gmbarvmns-shellcheck-0.11.0"
            }
          ],
          "store_path": "/nix/store/hn2l442nhcahcb8cvhf9g7nymzczciyi-shellcheck-0.11.0-bin"
        },
        "x86_64-linux": {
          "outputs": [
            {
              "name": "bin",
              "path": "/nix/store/2lfacwyvxpllrq9jpbyz7z4v4lc3wnr9-shellcheck-0.11.0-bin",
              "default": true
            },
            {
              "name": "man",
              "path": "/nix/store/0504zfbbnxm2dgnkj0pal11nv09i1g2p-shellcheck-0.11.0-man",
              "default": true
            },
            {
              "name": "doc",
              "path": "/nix/store/qbmc0kv3ddridry1w7rdc124an8fk895-shellcheck-0.11.0-doc",
              "default": true
            },
            {
              "name": "out",
              "path": "/nix/store/pmk1wsbpsxkaa33mrigc72iln3pvy9r2-shellcheck-0.11.0"
            }
          ],
          "store_path": "/nix/store/2lfacwyvxpllrq9jpbyz7z4v4lc3wnr9-shellcheck-0.11.0-bin"
        }
      }
    },
    "shfmt@3.13.1": {
      "last_modified": "2026-05-21T08:15:18Z",
      "resolved": "github:NixOS/nixpkgs/4a29d733e8a7d5b824c3d8c958a946a9867b3eb2#shfmt",
      "source": "devbox-search",
      "version": "3.13.1",
      "systems": {
        "aarch64-darwin": {
          "outputs": [
            {
              "name": "out",
              "path": "/nix/store/gbw6zr048ikmz80x3s7f6z4nwvx8v6sl-shfmt-3.13.1",
              "default": true
            }
          ],
          "store_path": "/nix/store/gbw6zr048ikmz80x3s7f6z4nwvx8v6sl-shfmt-3.13.1"
        },
        "aarch64-linux": {
          "outputs": [
            {
              "name": "out",
              "path": "/nix/store/w4vqgvf57x6h7sy8hmwzggd46sz3s916-shfmt-3.13.1",
              "default": true
            }
          ],
          "store_path": "/nix/store/w4vqgvf57x6h7sy8hmwzggd46sz3s916-shfmt-3.13.1"
        },
        "x86_64-darwin": {
          "outputs": [
            {
              "name": "out",
              "path": "/nix/store/nhbm55khl7hfqj49bgqxhn2a5p4r9d1a-shfmt-3.13.1",
              "default": true
            }
          ],
          "store_path": "/nix/store/nhbm55khl7hfqj49bgqxhn2a5p4r9d1a-shfmt-3.13.1"
        },
        "x86_64-linux": {
          "outputs": [
            {
              "name": "out",
              "path": "/nix/store/hyjd216vnfpm7md7llw5vjakd5n2xj1d-shfmt-3.13.1",
              "default": true
            }
          ],
          "store_path": "/nix/store/hyjd216vnfpm7md7llw5vjakd5n2xj1d-shfmt-3.13.1"
        }
      }
    },
    "stow@2.4.1": {
      "last_modified": "2026-05-21T08:15:18Z",
      "resolved": "github:NixOS/nixpkgs/4a29d733e8a7d5b824c3d8c958a946a9867b3eb2#stow",
      "source": "devbox-search",
      "version": "2.4.1",
      "systems": {
        "aarch64-darwin": {
          "outputs": [
            {
              "name": "out",
              "path": "/nix/store/nmd35nq3wwwhcvlpxaaqw7wblk75baja-stow-2.4.1",
              "default": true
            }
          ],
          "store_path": "/nix/store/nmd35nq3wwwhcvlpxaaqw7wblk75baja-stow-2.4.1"
        },
        "aarch64-linux": {
          "outputs": [
            {
              "name": "out",
              "path": "/nix/store/axvm3v9b6a7qfql4xprp3zx1mzmgs3wp-stow-2.4.1",
              "default": true
            }
          ],
          "store_path": "/nix/store/axvm3v9b6a7qfql4xprp3zx1mzmgs3wp-stow-2.4.1"
        },
        "x86_64-darwin": {
          "outputs": [
            {
              "name": "out",
              "path": "/nix/store/s0fsjpxk8lvb4l79rcfwib6i7i39s24z-stow-2.4.1",
              "default": true
            }
          ],
          "store_path": "/nix/store/s0fsjpxk8lvb4l79rcfwib6i7i39s24z-stow-2.4.1"
        },
        "x86_64-linux": {
          "outputs": [
            {
              "name": "out",
              "path": "/nix/store/1gnpicr1qs55b1xwb3ic01mgkwkbnpxf-stow-2.4.1",
              "default": true
            }
          ],
          "store_path": "/nix/store/1gnpicr1qs55b1xwb3ic01mgkwkbnpxf-stow-2.4.1"
        }
      }
    },
    "stylua@2.5.2": {
      "last_modified": "2026-05-22T01:51:30Z",
      "resolved": "github:NixOS/nixpkgs/6dedf69f94d03cbe7bdde106f2d4c23ae2a853bf#stylua",
      "source": "devbox-search",
      "version": "2.5.2",
      "systems": {
        "aarch64-darwin": {
          "outputs": [
            {
              "name": "out",
              "path": "/nix/store/0axb0law5csdbrsmrknq400p3xrgg3bn-stylua-2.5.2",
              "default": true
            }
          ],
          "store_path": "/nix/store/0axb0law5csdbrsmrknq400p3xrgg3bn-stylua-2.5.2"
        },
        "aarch64-linux": {
          "outputs": [
            {
              "name": "out",
              "path": "/nix/store/fxqqm30ids8nwfgwysaw90ca3gx02vyc-stylua-2.5.2",
              "default": true
            }
          ],
          "store_path": "/nix/store/fxqqm30ids8nwfgwysaw90ca3gx02vyc-stylua-2.5.2"
        },
        "x86_64-darwin": {
          "outputs": [
            {
              "name": "out",
              "path": "/nix/store/3gz6bdwx0dzpn0a127c87sp58f02zgm4-stylua-2.5.2",
              "default": true
            }
          ],
          "store_path": "/nix/store/3gz6bdwx0dzpn0a127c87sp58f02zgm4-stylua-2.5.2"
        },
        "x86_64-linux": {
          "outputs": [
            {
              "name": "out",
              "path": "/nix/store/6c08xajka26kkm70rranmd2y8aq46vdj-stylua-2.5.2",
              "default": true
            }
          ],
          "store_path": "/nix/store/6c08xajka26kkm70rranmd2y8aq46vdj-stylua-2.5.2"
        }
      }
    },
    "taplo@0.10.0": {
      "last_modified": "2026-05-21T08:15:18Z",
      "resolved": "github:NixOS/nixpkgs/4a29d733e8a7d5b824c3d8c958a946a9867b3eb2#taplo",
      "source": "devbox-search",
      "version": "0.10.0",
      "systems": {
        "aarch64-darwin": {
          "outputs": [
            {
              "name": "out",
              "path": "/nix/store/vlz57pgdqn3qw9v64aka3889awgjyki8-taplo-0.10.0",
              "default": true
            }
          ],
          "store_path": "/nix/store/vlz57pgdqn3qw9v64aka3889awgjyki8-taplo-0.10.0"
        },
        "aarch64-linux": {
          "outputs": [
            {
              "name": "out",
              "path": "/nix/store/3hy186xfcxzbmnc8ihnin22zg25in199-taplo-0.10.0",
              "default": true
            }
          ],
          "store_path": "/nix/store/3hy186xfcxzbmnc8ihnin22zg25in199-taplo-0.10.0"
        },
        "x86_64-darwin": {
          "outputs": [
            {
              "name": "out",
              "path": "/nix/store/nxjnrf8axdx0h8p2qbmpk02sjcxrxpzq-taplo-0.10.0",
              "default": true
            }
          ],
          "store_path": "/nix/store/nxjnrf8axdx0h8p2qbmpk02sjcxrxpzq-taplo-0.10.0"
        },
        "x86_64-linux": {
          "outputs": [
            {
              "name": "out",
              "path": "/nix/store/xs72i2n3d7b7s6vvjwck7m7l1cgxypiq-taplo-0.10.0",
              "default": true
            }
          ],
          "store_path": "/nix/store/xs72i2n3d7b7s6vvjwck7m7l1cgxypiq-taplo-0.10.0"
        }
      }
    },
    "yamllint@1.37.1": {
      "last_modified": "2026-05-21T08:15:18Z",
      "resolved": "github:NixOS/nixpkgs/4a29d733e8a7d5b824c3d8c958a946a9867b3eb2#yamllint",
      "source": "devbox-search",
      "version": "1.37.1",
      "systems": {
        "aarch64-darwin": {
          "outputs": [
            {
              "name": "out",
              "path": "/nix/store/887wzjgllynv563w6syd9kmzk0kgz15r-python3.13-yamllint-1.37.1",
              "default": true
            },
            {
              "name": "dist",
              "path": "/nix/store/2h8zc93p8y93gs8zjmpwc1cngzwj24s6-python3.13-yamllint-1.37.1-dist"
            }
          ],
          "store_path": "/nix/store/887wzjgllynv563w6syd9kmzk0kgz15r-python3.13-yamllint-1.37.1"
        },
        "aarch64-linux": {
          "outputs": [
            {
              "name": "out",
              "path": "/nix/store/nj5wlckx98rdc5ikjhhcf9inr27r7z7x-python3.13-yamllint-1.37.1",
              "default": true
            },
            {
              "name": "dist",
              "path": "/nix/store/c69qkgghjax31zsyhmdrimnf90fgdksk-python3.13-yamllint-1.37.1-dist"
            }
          ],
          "store_path": "/nix/store/nj5wlckx98rdc5ikjhhcf9inr27r7z7x-python3.13-yamllint-1.37.1"
        },
        "x86_64-darwin": {
          "outputs": [
            {
              "name": "out",
              "path": "/nix/store/k1w8w9rsnb9442wbnp78h09hcl670byd-python3.13-yamllint-1.37.1",
              "default": true
            },
            {
              "name": "dist",
              "path": "/nix/store/71rr18s4kg6y6qwsvkv34zsqnsj6i6sy-python3.13-yamllint-1.37.1-dist"
            }
          ],
          "store_path": "/nix/store/k1w8w9rsnb9442wbnp78h09hcl670byd-python3.13-yamllint-1.37.1"
        },
        "x86_64-linux": {
          "outputs": [
            {
              "name": "out",
              "path": "/nix/store/5w1q20g6qp27s73jq1lsc7dflj95rrm8-python3.13-yamllint-1.37.1",
              "default": true
            },
            {
              "name": "dist",
              "path": "/nix/store/fl5c4n9mfmpw63j56s37irh0bvmklpfw-python3.13-yamllint-1.37.1-dist"
            }
          ],
          "store_path": "/nix/store/5w1q20g6qp27s73jq1lsc7dflj95rrm8-python3.13-yamllint-1.37.1"
        }
      }
    },
    "zsh@5.9.1": {
      "last_modified": "2026-06-23T00:43:55Z",
      "resolved": "github:NixOS/nixpkgs/89570f24e97e614aa34aa9ab1c927b6578a43775#zsh",
      "source": "devbox-search",
      "version": "5.9.1",
      "systems": {
        "aarch64-darwin": {
          "outputs": [
            {
              "name": "out",
              "path": "/nix/store/5qjgn064c7krl34ncilmyh45x2wvcn2m-zsh-5.9.1",
              "default": true
            },
            {
              "name": "man",
              "path": "/nix/store/8fb6i6qmik8fa5n8rpxid052zcmq297k-zsh-5.9.1-man",
              "default": true
            },
            {
              "name": "info",
              "path": "/nix/store/937crnhpwzwlmnzis0w3llim0mmhx9ym-zsh-5.9.1-info"
            },
            {
              "name": "doc",
              "path": "/nix/store/v2wq9mqfgphihfkkpq89c5h6z69c7fzk-zsh-5.9.1-doc"
            }
          ],
          "store_path": "/nix/store/5qjgn064c7krl34ncilmyh45x2wvcn2m-zsh-5.9.1"
        },
        "aarch64-linux": {
          "outputs": [
            {
              "name": "out",
              "path": "/nix/store/z011dkxr73d6rzd2f0xifsjnpr0ixwzl-zsh-5.9.1",
              "default": true
            },
            {
              "name": "man",
              "path": "/nix/store/b8q5vj0ir9q4643mpl6y714z3k65acys-zsh-5.9.1-man",
              "default": true
            },
            {
              "name": "doc",
              "path": "/nix/store/fd4i0nz2dysv01nzs0r8bam6vkmsb65m-zsh-5.9.1-doc"
            },
            {
              "name": "info",
              "path": "/nix/store/81rs3z18fbv41xx24jwfj8xkcysi4asz-zsh-5.9.1-info"
            }
          ],
          "store_path": "/nix/store/z011dkxr73d6rzd2f0xifsjnpr0ixwzl-zsh-5.9.1"
        },
        "x86_64-darwin": {
          "outputs": [
            {
              "name": "out",
              "path": "/nix/store/2xl4pnccsxmapglfvwd2sq1z8l90ragc-zsh-5.9.1",
              "default": true
            },
            {
              "name": "man",
              "path": "/nix/store/x9wwcaivyxik78lpc3817z1p7drff3i2-zsh-5.9.1-man",
              "default": true
            },
            {
              "name": "info",
              "path": "/nix/store/yfymxqix39qx1s16l7ki9xwg40w5gpd9-zsh-5.9.1-info"
            },
            {
              "name": "doc",
              "path": "/nix/store/llvyhy800ggjn1s3x11m9m03hs87mnzb-zsh-5.9.1-doc"
            }
          ],
          "store_path": "/nix/store/2xl4pnccsxmapglfvwd2sq1z8l90ragc-zsh-5.9.1"
        },
        "x86_64-linux": {
          "outputs": [
            {
              "name": "out",
              "path": "/nix/store/4wvhzvwmv2rnwgcg0sadhs769hky28xk-zsh-5.9.1",
              "default": true
            },
            {
              "name": "man",
              "path": "/nix/store/vk1w626yrsvivbq43c9zckajyq4fxd5v-zsh-5.9.1-man",
              "default": true
            },
            {
              "name": "doc",
              "path": "/nix/store/3ihdy6p9k4xckjwrymhwfpm38bz8qkgj-zsh-5.9.1-doc"
            },
            {
              "name": "info",
              "path": "/nix/store/y6ypwnknkm2fqa9mqz58s6zhpjgd6bwf-zsh-5.9.1-info"
            }
          ],
          "store_path": "/nix/store/4wvhzvwmv2rnwgcg0sadhs769hky28xk-zsh-5.9.1"
        }
      }
    }
  }
}
